PODS:
  - Capacitor (5.7.8):
    - CapacitorCordova
  - CapacitorApp (5.0.8):
    - Capacitor
  - CapacitorBrowser (5.2.1):
    - Capacitor
  - CapacitorCamera (5.0.10):
    - Capacitor
  - CapacitorClipboard (5.0.8):
    - Capacitor
  - CapacitorCommunityBarcodeScanner (4.0.1):
    - Capacitor
  - CapacitorCordova (5.7.8)
  - CapacitorDevice (5.0.8):
    - Capacitor
  - CapacitorGeolocation (5.0.8):
    - Capacitor
  - CapacitorHaptics (5.0.8):
    - Capacitor
  - CapacitorKeyboard (5.0.9):
    - Capacitor
  - CapacitorLocalNotifications (5.0.8):
    - Capacitor
  - CapacitorNetwork (5.0.8):
    - Capacitor
  - CapacitorPushNotifications (5.1.2):
    - Capacitor
  - CapacitorShare (5.0.8):
    - Capacitor
  - CapacitorStatusBar (5.0.8):
    - Capacitor
  - CapacitorToast (5.0.8):
    - Capacitor

DEPENDENCIES:
  - "Capacitor (from `../../node_modules/.pnpm/@capacitor+ios@5.7.8_@capacitor+core@5.7.8/node_modules/@capacitor/ios`)"
  - "CapacitorApp (from `../../node_modules/.pnpm/@capacitor+app@5.0.8_@capacitor+core@5.7.8/node_modules/@capacitor/app`)"
  - "CapacitorBrowser (from `../../node_modules/.pnpm/@capacitor+browser@5.2.1_@capacitor+core@5.7.8/node_modules/@capacitor/browser`)"
  - "CapacitorCamera (from `../../node_modules/.pnpm/@capacitor+camera@5.0.10_@capacitor+core@5.7.8/node_modules/@capacitor/camera`)"
  - "CapacitorClipboard (from `../../node_modules/.pnpm/@capacitor+clipboard@5.0.8_@capacitor+core@5.7.8/node_modules/@capacitor/clipboard`)"
  - "CapacitorCommunityBarcodeScanner (from `../../node_modules/.pnpm/@capacitor-community+barcode-scanner@4.0.1_@capacitor+core@5.7.8/node_modules/@capacitor-community/barcode-scanner`)"
  - "CapacitorCordova (from `../../node_modules/.pnpm/@capacitor+ios@5.7.8_@capacitor+core@5.7.8/node_modules/@capacitor/ios`)"
  - "CapacitorDevice (from `../../node_modules/.pnpm/@capacitor+device@5.0.8_@capacitor+core@5.7.8/node_modules/@capacitor/device`)"
  - "CapacitorGeolocation (from `../../node_modules/.pnpm/@capacitor+geolocation@5.0.8_@capacitor+core@5.7.8/node_modules/@capacitor/geolocation`)"
  - "CapacitorHaptics (from `../../node_modules/.pnpm/@capacitor+haptics@5.0.8_@capacitor+core@5.7.8/node_modules/@capacitor/haptics`)"
  - "CapacitorKeyboard (from `../../node_modules/.pnpm/@capacitor+keyboard@5.0.9_@capacitor+core@5.7.8/node_modules/@capacitor/keyboard`)"
  - "CapacitorLocalNotifications (from `../../node_modules/.pnpm/@capacitor+local-notifications@5.0.8_@capacitor+core@5.7.8/node_modules/@capacitor/local-notifications`)"
  - "CapacitorNetwork (from `../../node_modules/.pnpm/@capacitor+network@5.0.8_@capacitor+core@5.7.8/node_modules/@capacitor/network`)"
  - "CapacitorPushNotifications (from `../../node_modules/.pnpm/@capacitor+push-notifications@5.1.2_@capacitor+core@5.7.8/node_modules/@capacitor/push-notifications`)"
  - "CapacitorShare (from `../../node_modules/.pnpm/@capacitor+share@5.0.8_@capacitor+core@5.7.8/node_modules/@capacitor/share`)"
  - "CapacitorStatusBar (from `../../node_modules/.pnpm/@capacitor+status-bar@5.0.8_@capacitor+core@5.7.8/node_modules/@capacitor/status-bar`)"
  - "CapacitorToast (from `../../node_modules/.pnpm/@capacitor+toast@5.0.8_@capacitor+core@5.7.8/node_modules/@capacitor/toast`)"

EXTERNAL SOURCES:
  Capacitor:
    :path: "../../node_modules/.pnpm/@capacitor+ios@5.7.8_@capacitor+core@5.7.8/node_modules/@capacitor/ios"
  CapacitorApp:
    :path: "../../node_modules/.pnpm/@capacitor+app@5.0.8_@capacitor+core@5.7.8/node_modules/@capacitor/app"
  CapacitorBrowser:
    :path: "../../node_modules/.pnpm/@capacitor+browser@5.2.1_@capacitor+core@5.7.8/node_modules/@capacitor/browser"
  CapacitorCamera:
    :path: "../../node_modules/.pnpm/@capacitor+camera@5.0.10_@capacitor+core@5.7.8/node_modules/@capacitor/camera"
  CapacitorClipboard:
    :path: "../../node_modules/.pnpm/@capacitor+clipboard@5.0.8_@capacitor+core@5.7.8/node_modules/@capacitor/clipboard"
  CapacitorCommunityBarcodeScanner:
    :path: "../../node_modules/.pnpm/@capacitor-community+barcode-scanner@4.0.1_@capacitor+core@5.7.8/node_modules/@capacitor-community/barcode-scanner"
  CapacitorCordova:
    :path: "../../node_modules/.pnpm/@capacitor+ios@5.7.8_@capacitor+core@5.7.8/node_modules/@capacitor/ios"
  CapacitorDevice:
    :path: "../../node_modules/.pnpm/@capacitor+device@5.0.8_@capacitor+core@5.7.8/node_modules/@capacitor/device"
  CapacitorGeolocation:
    :path: "../../node_modules/.pnpm/@capacitor+geolocation@5.0.8_@capacitor+core@5.7.8/node_modules/@capacitor/geolocation"
  CapacitorHaptics:
    :path: "../../node_modules/.pnpm/@capacitor+haptics@5.0.8_@capacitor+core@5.7.8/node_modules/@capacitor/haptics"
  CapacitorKeyboard:
    :path: "../../node_modules/.pnpm/@capacitor+keyboard@5.0.9_@capacitor+core@5.7.8/node_modules/@capacitor/keyboard"
  CapacitorLocalNotifications:
    :path: "../../node_modules/.pnpm/@capacitor+local-notifications@5.0.8_@capacitor+core@5.7.8/node_modules/@capacitor/local-notifications"
  CapacitorNetwork:
    :path: "../../node_modules/.pnpm/@capacitor+network@5.0.8_@capacitor+core@5.7.8/node_modules/@capacitor/network"
  CapacitorPushNotifications:
    :path: "../../node_modules/.pnpm/@capacitor+push-notifications@5.1.2_@capacitor+core@5.7.8/node_modules/@capacitor/push-notifications"
  CapacitorShare:
    :path: "../../node_modules/.pnpm/@capacitor+share@5.0.8_@capacitor+core@5.7.8/node_modules/@capacitor/share"
  CapacitorStatusBar:
    :path: "../../node_modules/.pnpm/@capacitor+status-bar@5.0.8_@capacitor+core@5.7.8/node_modules/@capacitor/status-bar"
  CapacitorToast:
    :path: "../../node_modules/.pnpm/@capacitor+toast@5.0.8_@capacitor+core@5.7.8/node_modules/@capacitor/toast"

SPEC CHECKSUMS:
  Capacitor: 9686e5711b48a1aa84671ede795d0175848abcba
  CapacitorApp: 8026f7ce1ac72780258d05a90c07deb5c724c0fa
  CapacitorBrowser: f13ada96777742309ae17a974e934eda8e102508
  CapacitorCamera: 916a67c6726fabcc623df79d3f934828f2520103
  CapacitorClipboard: abbfdc04f29068f141375506a8f3e06650da9325
  CapacitorCommunityBarcodeScanner: 100051f49caad62966f331cbdf6844a3e51db8e9
  CapacitorCordova: 31ab98dca2ddcee051027a1afe7e8c85c82f7297
  CapacitorDevice: 4aceb502ce1142ea45a2aece603169d7479cd271
  CapacitorGeolocation: 6beed87d5d2b80745f03a84db4ab2269bc872c9c
  CapacitorHaptics: acd823c6ed0ec2cd968a09316768144b0495a1e7
  CapacitorKeyboard: 38db46e3e9a8024814994b5a909f102f3d27c207
  CapacitorLocalNotifications: 73765422be07829b2d0a4c7c22a77ea2252ca210
  CapacitorNetwork: b76949446d62b4832ecd5b652ef95b5294c25f00
  CapacitorPushNotifications: 95dc889e9f3540e3c4f118f7ed53fd61db82100b
  CapacitorShare: 0a43832a9e09fca9ada569ee1856de75d54c61bf
  CapacitorStatusBar: 8e0a8f213504695505dc8c4f808dffbe03aa0e0f
  CapacitorToast: 487af6115e48e6692513ea57a980cae54f52e647

PODFILE CHECKSUM: f31d1bf21e8d42fafe3454a69efbb23cffa4d274

COCOAPODS: 1.16.2
